
Microsoft Visual Studio Solution File, Format Version 12.00
# Visual Studio 15
VisualStudioVersion = 15.0.27428.2043
MinimumVisualStudioVersion = 10.0.40219.1
Project("{8BC9CEB8-8B4A-11D0-8D11-00A0C91BC942}") = "Quick Sorting", "Quick Sorting\Quick Sorting.vcxproj", "{22026DFA-9973-46A1-AF40-3D9C24AFD5DF}"
EndProject
Global
	GlobalSection(SolutionConfigurationPlatforms) = preSolution
		Debug|x64 = Debug|x64
		Debug|x86 = Debug|x86
		Release|x64 = Release|x64
		Release|x86 = Release|x86
	EndGlobalSection
	GlobalSection(ProjectConfigurationPlatforms) = postSolution
		{22026DFA-9973-46A1-AF40-3D9C24AFD5DF}.Debug|x64.ActiveCfg = Debug|x64
		{22026DFA-9973-46A1-AF40-3D9C24AFD5DF}.Debug|x64.Build.0 = Debug|x64
		{22026DFA-9973-46A1-AF40-3D9C24AFD5DF}.Debug|x86.ActiveCfg = Debug|Win32
		{22026DFA-9973-46A1-AF40-3D9C24AFD5DF}.Debug|x86.Build.0 = Debug|Win32
		{22026DFA-9973-46A1-AF40-3D9C24AFD5DF}.Release|x64.ActiveCfg = Release|x64
		{22026DFA-9973-46A1-AF40-3D9C24AFD5DF}.Release|x64.Build.0 = Release|x64
		{22026DFA-9973-46A1-AF40-3D9C24AFD5DF}.Release|x86.ActiveCfg = Release|Win32
		{22026DFA-9973-46A1-AF40-3D9C24AFD5DF}.Release|x86.Build.0 = Release|Win32
	EndGlobalSection
	GlobalSection(SolutionProperties) = preSolution
		HideSolutionNode = FALSE
	EndGlobalSection
	GlobalSection(ExtensibilityGlobals) = postSolution
		SolutionGuid = {FE536A66-8B1C-4032-9A8D-0E40A63C15BE}
	EndGlobalSection
EndGlobal
